// !$*UTF8*$!
{
	archiveVersion = 1;
	classes = {
	};
	objectVersion = 55;
	objects = {

/* Begin PBXBuildFile section */
		CD1A19562780B741006AB797 /* SoundManager.swift in Sources */ = {isa = PBXBuildFile; fileRef = CD1A19552780B741006AB797 /* SoundManager.swift */; };
		CD97ED04277FBDC40084E94A /* AppDelegate.swift in Sources */ = {isa = PBXBuildFile; fileRef = CD97ED03277FBDC40084E94A /* AppDelegate.swift */; };
		CD97ED06277FBDC40084E94A /* SceneDelegate.swift in Sources */ = {isa = PBXBuildFile; fileRef = CD97ED05277FBDC40084E94A /* SceneDelegate.swift */; };
		CD97ED08277FBDC40084E94A /* ViewController.swift in Sources */ = {isa = PBXBuildFile; fileRef = CD97ED07277FBDC40084E94A /* ViewController.swift */; };
		CD97ED0B277FBDC40084E94A /* Main.storyboard in Resources */ = {isa = PBXBuildFile; fileRef = CD97ED09277FBDC40084E94A /* Main.storyboard */; };
		CD97ED0D277FBDC60084E94A /* Assets.xcassets in Resources */ = {isa = PBXBuildFile; fileRef = CD97ED0C277FBDC60084E94A /* Assets.xcassets */; };
		CD97ED10277FBDC60084E94A /* LaunchScreen.storyboard in Resources */ = {isa = PBXBuildFile; fileRef = CD97ED0E277FBDC60084E94A /* LaunchScreen.storyboard */; };
		CD97ED18277FBDEE0084E94A /* WelcomeViewController.swift in Sources */ = {isa = PBXBuildFile; fileRef = CD97ED17277FBDEE0084E94A /* WelcomeViewController.swift */; };
		CD97ED1A278009740084E94A /* CreateVoiceNotificationViewController.swift in Sources */ = {isa = PBXBuildFile; fileRef = CD97ED19278009740084E94A /* CreateVoiceNotificationViewController.swift */; };
/* End PBXBuildFile section */

/* Begin PBXFileReference section */
		CD1A19552780B741006AB797 /* SoundManager.swift */ = {isa = PBXFileReference; lastKnownFileType = sourcecode.swift; path = SoundManager.swift; sourceTree = "<group>"; };
		CD97ED00277FBDC40084E94A /* Voice Notifications.app */ = {isa = PBXFileReference; explicitFileType = wrapper.application; includeInIndex = 0; path = "Voice Notifications.app"; sourceTree = BUILT_PRODUCTS_DIR; };
		CD97ED03277FBDC40084E94A /* AppDelegate.swift */ = {isa = PBXFileReference; lastKnownFileType = sourcecode.swift; path = AppDelegate.swift; sourceTree = "<group>"; };
		CD97ED05277FBDC40084E94A /* SceneDelegate.swift */ = {isa = PBXFileReference; lastKnownFileType = sourcecode.swift; path = SceneDelegate.swift; sourceTree = "<group>"; };
		CD97ED07277FBDC40084E94A /* ViewController.swift */ = {isa = PBXFileReference; lastKnownFileType = sourcecode.swift; path = ViewController.swift; sourceTree = "<group>"; };
		CD97ED0A277FBDC40084E94A /* Base */ = {isa = PBXFileReference; lastKnownFileType = file.storyboard; name = Base; path = Base.lproj/Main.storyboard; sourceTree = "<group>"; };
		CD97ED0C277FBDC60084E94A /* Assets.xcassets */ = {isa = PBXFileReference; lastKnownFileType = folder.assetcatalog; path = Assets.xcassets; sourceTree = "<group>"; };
		CD97ED0F277FBDC60084E94A /* Base */ = {isa = PBXFileReference; lastKnownFileType = file.storyboard; name = Base; path = Base.lproj/LaunchScreen.storyboard; sourceTree = "<group>"; };
		CD97ED11277FBDC60084E94A /* Info.plist */ = {isa = PBXFileReference; lastKnownFileType = text.plist.xml; path = Info.plist; sourceTree = "<group>"; };
		CD97ED17277FBDEE0084E94A /* WelcomeViewController.swift */ = {isa = PBXFileReference; lastKnownFileType = sourcecode.swift; path = WelcomeViewController.swift; sourceTree = "<group>"; };
		CD97ED19278009740084E94A /* CreateVoiceNotificationViewController.swift */ = {isa = PBXFileReference; lastKnownFileType = sourcecode.swift; path = CreateVoiceNotificationViewController.swift; sourceTree = "<group>"; };
/* End PBXFileReference section */

/* Begin PBXFrameworksBuildPhase section */
		CD97ECFD277FBDC40084E94A /* Frameworks */ = {
			isa = PBXFrameworksBuildPhase;
			buildActionMask = 2147483647;
			files = (
			);
			runOnlyForDeploymentPostprocessing = 0;
		};
/* End PBXFrameworksBuildPhase section */

/* Begin PBXGroup section */
		CD97ECF7277FBDC40084E94A = {
			isa = PBXGroup;
			children = (
				CD97ED02277FBDC40084E94A /* Voice Notifications */,
				CD97ED01277FBDC40084E94A /* Products */,
			);
			sourceTree = "<group>";
		};
		CD97ED01277FBDC40084E94A /* Products */ = {
			isa = PBXGroup;
			children = (
				CD97ED00277FBDC40084E94A /* Voice Notifications.app */,
			);
			name = Products;
			sourceTree = "<group>";
		};
		CD97ED02277FBDC40084E94A /* Voice Notifications */ = {
			isa = PBXGroup;
			children = (
				CD97ED03277FBDC40084E94A /* AppDelegate.swift */,
				CD97ED05277FBDC40084E94A /* SceneDelegate.swift */,
				CD97ED07277FBDC40084E94A /* ViewController.swift */,
				CD97ED09277FBDC40084E94A /* Main.storyboard */,
				CD97ED19278009740084E94A /* CreateVoiceNotificationViewController.swift */,
				CD1A19552780B741006AB797 /* SoundManager.swift */,
				CD97ED17277FBDEE0084E94A /* WelcomeViewController.swift */,
				CD97ED0C277FBDC60084E94A /* Assets.xcassets */,
				CD97ED0E277FBDC60084E94A /* LaunchScreen.storyboard */,
				CD97ED11277FBDC60084E94A /* Info.plist */,
			);
			path = "Voice Notifications";
			sourceTree = "<group>";
		};
/* End PBXGroup section */

/* Begin PBXNativeTarget section */
		CD97ECFF277FBDC40084E94A /* Voice Notifications */ = {
			isa = PBXNativeTarget;
			buildConfigurationList = CD97ED14277FBDC60084E94A /* Build configuration list for PBXNativeTarget "Voice Notifications" */;
			buildPhases = (
				CD97ECFC277FBDC40084E94A /* Sources */,
				CD97ECFD277FBDC40084E94A /* Frameworks */,
				CD97ECFE277FBDC40084E94A /* Resources */,
			);
			buildRules = (
			);
			dependencies = (
			);
			name = "Voice Notifications";
			productName = "Voice Notifications";
			productReference = CD97ED00277FBDC40084E94A /* Voice Notifications.app */;
			productType = "com.apple.product-type.application";
		};
/* End PBXNativeTarget section */

/* Begin PBXProject section */
		CD97ECF8277FBDC40084E94A /* Project object */ = {
			isa = PBXProject;
			attributes = {
				BuildIndependentTargetsInParallel = 1;
				LastSwiftUpdateCheck = 1320;
				LastUpgradeCheck = 1320;
				TargetAttributes = {
					CD97ECFF277FBDC40084E94A = {
						CreatedOnToolsVersion = 13.2.1;
					};
				};
			};
			buildConfigurationList = CD97ECFB277FBDC40084E94A /* Build configuration list for PBXProject "Voice Notifications" */;
			compatibilityVersion = "Xcode 13.0";
			developmentRegion = en;
			hasScannedForEncodings = 0;
			knownRegions = (
				en,
				Base,
			);
			mainGroup = CD97ECF7277FBDC40084E94A;
			productRefGroup = CD97ED01277FBDC40084E94A /* Products */;
			projectDirPath = "";
			projectRoot = "";
			targets = (
				CD97ECFF277FBDC40084E94A /* Voice Notifications */,
			);
		};
/* End PBXProject section */

/* Begin PBXResourcesBuildPhase section */
		CD97ECFE277FBDC40084E94A /* Resources */ = {
			isa = PBXResourcesBuildPhase;
			buildActionMask = 2147483647;
			files = (
				CD97ED10277FBDC60084E94A /* LaunchScreen.storyboard in Resources */,
				CD97ED0D277FBDC60084E94A /* Assets.xcassets in Resources */,
				CD97ED0B277FBDC40084E94A /* Main.storyboard in Resources */,
			);
			runOnlyForDeploymentPostprocessing = 0;
		};
/* End PBXResourcesBuildPhase section */

/* Begin PBXSourcesBuildPhase section */
		CD97ECFC277FBDC40084E94A /* Sources */ = {
			isa = PBXSourcesBuildPhase;
			buildActionMask = 2147483647;
			files = (
				CD97ED08277FBDC40084E94A /* ViewController.swift in Sources */,
				CD97ED18277FBDEE0084E94A /* WelcomeViewController.swift in Sources */,
				CD97ED04277FBDC40084E94A /* AppDelegate.swift in Sources */,
				CD97ED1A278009740084E94A /* CreateVoiceNotificationViewController.swift in Sources */,
				CD97ED06277FBDC40084E94A /* SceneDelegate.swift in Sources */,
				CD1A19562780B741006AB797 /* SoundManager.swift in Sources */,
			);
			runOnlyForDeploymentPostprocessing = 0;
		};
/* End PBXSourcesBuildPhase section */

/* Begin PBXVariantGroup section */
		CD97ED09277FBDC40084E94A /* Main.storyboard */ = {
			isa = PBXVariantGroup;
			children = (
				CD97ED0A277FBDC40084E94A /* Base */,
			);
			name = Main.storyboard;
			sourceTree = "<group>";
		};
		CD97ED0E277FBDC60084E94A /* LaunchScreen.storyboard */ = {
			isa = PBXVariantGroup;
			children = (
				CD97ED0F277FBDC60084E94A /* Base */,
			);
			name = LaunchScreen.storyboard;
			sourceTree = "<group>";
		};
/* End PBXVariantGroup section */

/* Begin XCBuildConfiguration section */
		CD97ED12277FBDC60084E94A /* Debug */ = {
			isa = XCBuildConfiguration;
			buildSettings = {
				ALWAYS_SEARCH_USER_PATHS = NO;
				CLANG_ANALYZER_NONNULL = YES;
				CLANG_ANALYZER_NUMBER_OBJECT_CONVERSION = YES_AGGRESSIVE;
				CLANG_CXX_LANGUAGE_STANDARD = "gnu++17";
				CLANG_CXX_LIBRARY = "libc++";
				CLANG_ENABLE_MODULES = YES;
				CLANG_ENABLE_OBJC_ARC = YES;
				CLANG_ENABLE_OBJC_WEAK = YES;
				CLANG_WARN_BLOCK_CAPTURE_AUTORELEASING = YES;
				CLANG_WARN_BOOL_CONVERSION = YES;
				CLANG_WARN_COMMA = YES;
				CLANG_WARN_CONSTANT_CONVERSION = YES;
				CLANG_WARN_DEPRECATED_OBJC_IMPLEMENTATIONS = YES;
				CLANG_WARN_DIRECT_OBJC_ISA_USAGE = YES_ERROR;
				CLANG_WARN_DOCUMENTATION_COMMENTS = YES;
				CLANG_WARN_EMPTY_BODY = YES;
				CLANG_WARN_ENUM_CONVERSION = YES;
				CLANG_WARN_INFINITE_RECURSION = YES;
				CLANG_WARN_INT_CONVERSION = YES;
				CLANG_WARN_NON_LITERAL_NULL_CONVERSION = YES;
				CLANG_WARN_OBJC_IMPLICIT_RETAIN_SELF = YES;
				CLANG_WARN_OBJC_LITERAL_CONVERSION = YES;
				CLANG_WARN_OBJC_ROOT_CLASS = YES_ERROR;
				CLANG_WARN_QUOTED_INCLUDE_IN_FRAMEWORK_HEADER = YES;
				CLANG_WARN_RANGE_LOOP_ANALYSIS = YES;
				CLANG_WARN_STRICT_PROTOTYPES = YES;
				CLANG_WARN_SUSPICIOUS_MOVE = YES;
				CLANG_WARN_UNGUARDED_AVAILABILITY = YES_AGGRESSIVE;
				CLANG_WARN_UNREACHABLE_CODE = YES;
				CLANG_WARN__DUPLICATE_METHOD_MATCH = YES;
				COPY_PHASE_STRIP = NO;
				DEBUG_INFORMATION_FORMAT = dwarf;
				ENABLE_STRICT_OBJC_MSGSEND = YES;
				ENABLE_TESTABILITY = YES;
				GCC_C_LANGUAGE_STANDARD = gnu11;
				GCC_DYNAMIC_NO_PIC = NO;
				GCC_NO_COMMON_BLOCKS = YES;
				GCC_OPTIMIZATION_LEVEL = 0;
				GCC_PREPROCESSOR_DEFINITIONS = (
					"DEBUG=1",
					"$(inherited)",
				);
				GCC_WARN_64_TO_32_BIT_CONVERSION = YES;
				GCC_WARN_ABOUT_RETURN_TYPE = YES_ERROR;
				GCC_WARN_UNDECLARED_SELECTOR = YES;
				GCC_WARN_UNINITIALIZED_AUTOS = YES_AGGRESSIVE;
				GCC_WARN_UNUSED_FUNCTION = YES;
				GCC_WARN_UNUSED_VARIABLE = YES;
				IPHONEOS_DEPLOYMENT_TARGET = 15.2;
				MTL_ENABLE_DEBUG_INFO = INCLUDE_SOURCE;
				MTL_FAST_MATH = YES;
				ONLY_ACTIVE_ARCH = YES;
				SDKROOT = iphoneos;
				SWIFT_ACTIVE_COMPILATION_CONDITIONS = DEBUG;
				SWIFT_OPTIMIZATION_LEVEL = "-Onone";
			};
			name = Debug;
		};
		CD97ED13277FBDC60084E94A /* Release */ = {
			isa = XCBuildConfiguration;
			buildSettings = {
				ALWAYS_SEARCH_USER_PATHS = NO;
				CLANG_ANALYZER_NONNULL = YES;
				CLANG_ANALYZER_NUMBER_OBJECT_CONVERSION = YES_AGGRESSIVE;
				CLANG_CXX_LANGUAGE_STANDARD = "gnu++17";
				CLANG_CXX_LIBRARY = "libc++";
				CLANG_ENABLE_MODULES = YES;
				CLANG_ENABLE_OBJC_ARC = YES;
				CLANG_ENABLE_OBJC_WEAK = YES;
				CLANG_WARN_BLOCK_CAPTURE_AUTORELEASING = YES;
				CLANG_WARN_BOOL_CONVERSION = YES;
				CLANG_WARN_COMMA = YES;
				CLANG_WARN_CONSTANT_CONVERSION = YES;
				CLANG_WARN_DEPRECATED_OBJC_IMPLEMENTATIONS = YES;
				CLANG_WARN_DIRECT_OBJC_ISA_USAGE = YES_ERROR;
				CLANG_WARN_DOCUMENTATION_COMMENTS = YES;
				CLANG_WARN_EMPTY_BODY = YES;
				CLANG_WARN_ENUM_CONVERSION = YES;
				CLANG_WARN_INFINITE_RECURSION = YES;
				CLANG_WARN_INT_CONVERSION = YES;
				CLANG_WARN_NON_LITERAL_NULL_CONVERSION = YES;
				CLANG_WARN_OBJC_IMPLICIT_RETAIN_SELF = YES;
				CLANG_WARN_OBJC_LITERAL_CONVERSION = YES;
				CLANG_WARN_OBJC_ROOT_CLASS = YES_ERROR;
				CLANG_WARN_QUOTED_INCLUDE_IN_FRAMEWORK_HEADER = YES;
				CLANG_WARN_RANGE_LOOP_ANALYSIS = YES;
				CLANG_WARN_STRICT_PROTOTYPES = YES;
				CLANG_WARN_SUSPICIOUS_MOVE = YES;
				CLANG_WARN_UNGUARDED_AVAILABILITY = YES_AGGRESSIVE;
				CLANG_WARN_UNREACHABLE_CODE = YES;
				CLANG_WARN__DUPLICATE_METHOD_MATCH = YES;
				COPY_PHASE_STRIP = NO;
				DEBUG_INFORMATION_FORMAT = "dwarf-with-dsym";
				ENABLE_NS_ASSERTIONS = NO;
				ENABLE_STRICT_OBJC_MSGSEND = YES;
				GCC_C_LANGUAGE_STANDARD = gnu11;
				GCC_NO_COMMON_BLOCKS = YES;
				GCC_WARN_64_TO_32_BIT_CONVERSION = YES;
				GCC_WARN_ABOUT_RETURN_TYPE = YES_ERROR;
				GCC_WARN_UNDECLARED_SELECTOR = YES;
				GCC_WARN_UNINITIALIZED_AUTOS = YES_AGGRESSIVE;
				GCC_WARN_UNUSED_FUNCTION = YES;
				GCC_WARN_UNUSED_VARIABLE = YES;
				IPHONEOS_DEPLOYMENT_TARGET = 15.2;
				MTL_ENABLE_DEBUG_INFO = NO;
				MTL_FAST_MATH = YES;
				SDKROOT = iphoneos;
				SWIFT_COMPILATION_MODE = wholemodule;
				SWIFT_OPTIMIZATION_LEVEL = "-O";
				VALIDATE_PRODUCT = YES;
			};
			name = Release;
		};
		CD97ED15277FBDC60084E94A /* Debug */ = {
			isa = XCBuildConfiguration;
			buildSettings = {
				ASSETCATALOG_COMPILER_APPICON_NAME = AppIcon;
				ASSETCATALOG_COMPILER_GLOBAL_ACCENT_COLOR_NAME = AccentColor;
				CODE_SIGN_STYLE = Automatic;
				CURRENT_PROJECT_VERSION = 1;
				DEVELOPMENT_TEAM = QXHD8L9PCK;
				GENERATE_INFOPLIST_FILE = YES;
				INFOPLIST_FILE = "Voice Notifications/Info.plist";
				INFOPLIST_KEY_UIApplicationSupportsIndirectInputEvents = YES;
				INFOPLIST_KEY_UILaunchStoryboardName = LaunchScreen;
				INFOPLIST_KEY_UIMainStoryboardFile = Main;
				INFOPLIST_KEY_UISupportedInterfaceOrientations_iPad = "UIInterfaceOrientationPortrait UIInterfaceOrientationPortraitUpsideDown UIInterfaceOrientationLandscapeLeft UIInterfaceOrientationLandscapeRight";
				INFOPLIST_KEY_UISupportedInterfaceOrientations_iPhone = "UIInterfaceOrientationPortrait UIInterfaceOrientationLandscapeLeft UIInterfaceOrientationLandscapeRight";
				LD_RUNPATH_SEARCH_PATHS = (
					"$(inherited)",
					"@executable_path/Frameworks",
				);
				MARKETING_VERSION = 1.0;
				PRODUCT_BUNDLE_IDENTIFIER = "com.josephclaymiller.Voice-Notifications";
				PRODUCT_NAME = "$(TARGET_NAME)";
				SWIFT_EMIT_LOC_STRINGS = YES;
				SWIFT_VERSION = 5.0;
				TARGETED_DEVICE_FAMILY = "1,2";
			};
			name = Debug;
		};
		CD97ED16277FBDC60084E94A /* Release */ = {
			isa = XCBuildConfiguration;
			buildSettings = {
				ASSETCATALOG_COMPILER_APPICON_NAME = AppIcon;
				ASSETCATALOG_COMPILER_GLOBAL_ACCENT_COLOR_NAME = AccentColor;
				CODE_SIGN_STYLE = Automatic;
				CURRENT_PROJECT_VERSION = 1;
				DEVELOPMENT_TEAM = QXHD8L9PCK;
				GENERATE_INFOPLIST_FILE = YES;
				INFOPLIST_FILE = "Voice Notifications/Info.plist";
				INFOPLIST_KEY_UIApplicationSupportsIndirectInputEvents = YES;
				INFOPLIST_KEY_UILaunchStoryboardName = LaunchScreen;
				INFOPLIST_KEY_UIMainStoryboardFile = Main;
				INFOPLIST_KEY_UISupportedInterfaceOrientations_iPad = "UIInterfaceOrientationPortrait UIInterfaceOrientationPortraitUpsideDown UIInterfaceOrientationLandscapeLeft UIInterfaceOrientationLandscapeRight";
				INFOPLIST_KEY_UISupportedInterfaceOrientations_iPhone = "UIInterfaceOrientationPortrait UIInterfaceOrientationLandscapeLeft UIInterfaceOrientationLandscapeRight";
				LD_RUNPATH_SEARCH_PATHS = (
					"$(inherited)",
					"@executable_path/Frameworks",
				);
				MARKETING_VERSION = 1.0;
				PRODUCT_BUNDLE_IDENTIFIER = "com.josephclaymiller.Voice-Notifications";
				PRODUCT_NAME = "$(TARGET_NAME)";
				SWIFT_EMIT_LOC_STRINGS = YES;
				SWIFT_VERSION = 5.0;
				TARGETED_DEVICE_FAMILY = "1,2";
			};
			name = Release;
		};
/* End XCBuildConfiguration section */

/* Begin XCConfigurationList section */
		CD97ECFB277FBDC40084E94A /* Build configuration list for PBXProject "Voice Notifications" */ = {
			isa = XCConfigurationList;
			buildConfigurations = (
				CD97ED12277FBDC60084E94A /* Debug */,
				CD97ED13277FBDC60084E94A /* Release */,
			);
			defaultConfigurationIsVisible = 0;
			defaultConfigurationName = Release;
		};
		CD97ED14277FBDC60084E94A /* Build configuration list for PBXNativeTarget "Voice Notifications" */ = {
			isa = XCConfigurationList;
			buildConfigurations = (
				CD97ED15277FBDC60084E94A /* Debug */,
				CD97ED16277FBDC60084E94A /* Release */,
			);
			defaultConfigurationIsVisible = 0;
			defaultConfigurationName = Release;
		};
/* End XCConfigurationList section */
	};
	rootObject = CD97ECF8277FBDC40084E94A /* Project object */;
}
